
Microsoft Visual Studio Solution File, Format Version 12.00
# Visual Studio Version 16
VisualStudioVersion = 16.0.29418.71
MinimumVisualStudioVersion = 10.0.40219.1
Project("{FAE04EC0-301F-11D3-BF4B-00C04F79EFBC}") = "CidrCalculator", "CidrCalculator\CidrCalculator.csproj", "{203EBD4B-990E-4BAF-B0F5-CF00429FB0F5}"
EndProject
Project("{FAE04EC0-301F-11D3-BF4B-00C04F79EFBC}") = "TempWFQCalc", "TempWFQCalc\TempWFQCalc.csproj", "{B9302560-641A-4BBC-8B6F-B5F80AA94C34}"
EndProject
Global
	GlobalSection(SolutionConfigurationPlatforms) = preSolution
		Debug|Any CPU = Debug|Any CPU
		Release|Any CPU = Release|Any CPU
	EndGlobalSection
	GlobalSection(ProjectConfigurationPlatforms) = postSolution
		{203EBD4B-990E-4BAF-B0F5-CF00429FB0F5}.Debug|Any CPU.ActiveCfg = Debug|Any CPU
		{203EBD4B-990E-4BAF-B0F5-CF00429FB0F5}.Debug|Any CPU.Build.0 = Debug|Any CPU
		{203EBD4B-990E-4BAF-B0F5-CF00429FB0F5}.Release|Any CPU.ActiveCfg = Release|Any CPU
		{203EBD4B-990E-4BAF-B0F5-CF00429FB0F5}.Release|Any CPU.Build.0 = Release|Any CPU
		{B9302560-641A-4BBC-8B6F-B5F80AA94C34}.Debug|Any CPU.ActiveCfg = Debug|Any CPU
		{B9302560-641A-4BBC-8B6F-B5F80AA94C34}.Debug|Any CPU.Build.0 = Debug|Any CPU
		{B9302560-641A-4BBC-8B6F-B5F80AA94C34}.Release|Any CPU.ActiveCfg = Release|Any CPU
		{B9302560-641A-4BBC-8B6F-B5F80AA94C34}.Release|Any CPU.Build.0 = Release|Any CPU
	EndGlobalSection
	GlobalSection(SolutionProperties) = preSolution
		HideSolutionNode = FALSE
	EndGlobalSection
	GlobalSection(ExtensibilityGlobals) = postSolution
		SolutionGuid = {7C52C5A2-8CEC-40B8-9DD3-7700CC456BC5}
	EndGlobalSection
EndGlobal
